<?xml version="1.0" encoding="utf-8"?>
<Project ToolsVersion="4.0" xmlns="http://schemas.microsoft.com/developer/msbuild/2003">
  <ItemGroup>
    <Filter Include="Pliki nagłówkowe">
      <UniqueIdentifier>{93995380-89BD-4b04-88EB-625FBE52EBFB}</UniqueIdentifier>
      <Extensions>h;hh;hpp;hxx;h++;hm;inl;inc;ipp;xsd</Extensions>
    </Filter>
    <Filter Include="Pliki źródłowe">
      <UniqueIdentifier>{4FC737F1-C7A5-4376-A066-2A32D752A2FF}</UniqueIdentifier>
      <Extensions>cpp;c;cc;cxx;c++;cppm;ixx;def;odl;idl;hpj;bat;asm;asmx</Extensions>
    </Filter>
    <Filter Include="test">
      <UniqueIdentifier>{ed42a5fb-af7e-4973-954a-80c0c6bf5ff3}</UniqueIdentifier>
    </Filter>
    <Filter Include="examples">
      <UniqueIdentifier>{a14625a8-d633-4439-bda4-6675ccc9b04f}</UniqueIdentifier>
    </Filter>
  </ItemGroup>
  <ItemGroup>
    <ClInclude Include="Approximation.h">
      <Filter>Pliki nagłówkowe</Filter>
    </ClInclude>
    <ClInclude Include="DifferentialEquations.h">
      <Filter>Pliki nagłówkowe</Filter>
    </ClInclude>
    <ClInclude Include="Integration.h">
      <Filter>Pliki nagłówkowe</Filter>
    </ClInclude>
    <ClInclude Include="Interpolation.h">
      <Filter>Pliki nagłówkowe</Filter>
    </ClInclude>
    <ClInclude Include="LinearAlgebra.h">
      <Filter>Pliki nagłówkowe</Filter>
    </ClInclude>
    <ClInclude Include="NonlinearAlgebra.h">
      <Filter>Pliki nagłówkowe</Filter>
    </ClInclude>
  </ItemGroup>
  <ItemGroup>
    <ClCompile Include="Approximation.cpp">
      <Filter>Pliki źródłowe</Filter>
    </ClCompile>
    <ClCompile Include="DifferentialEquations.cpp">
      <Filter>Pliki źródłowe</Filter>
    </ClCompile>
    <ClCompile Include="Integration.cpp">
      <Filter>Pliki źródłowe</Filter>
    </ClCompile>
    <ClCompile Include="Interpolation.cpp">
      <Filter>Pliki źródłowe</Filter>
    </ClCompile>
    <ClCompile Include="LinearAlgebra.cpp">
      <Filter>Pliki źródłowe</Filter>
    </ClCompile>
    <ClCompile Include="NonlinearAlgebra.cpp">
      <Filter>Pliki źródłowe</Filter>
    </ClCompile>
    <ClCompile Include="RunTests.cpp">
      <Filter>test</Filter>
    </ClCompile>
    <ClCompile Include="testApproximation.cpp">
      <Filter>test</Filter>
    </ClCompile>
    <ClCompile Include="testDifferentialEquations.cpp">
      <Filter>test</Filter>
    </ClCompile>
    <ClCompile Include="testIntegration.cpp">
      <Filter>test</Filter>
    </ClCompile>
    <ClCompile Include="testInterpolation.cpp">
      <Filter>test</Filter>
    </ClCompile>
    <ClCompile Include="testLinearAlgebra.cpp">
      <Filter>test</Filter>
    </ClCompile>
    <ClCompile Include="testNonlinearAlgebra.cpp">
      <Filter>test</Filter>
    </ClCompile>
    <ClCompile Include="example1.cpp">
      <Filter>examples</Filter>
    </ClCompile>
    <ClCompile Include="example2.cpp">
      <Filter>examples</Filter>
    </ClCompile>
    <ClCompile Include="example3.cpp">
      <Filter>examples</Filter>
    </ClCompile>
  </ItemGroup>
</Project>